{
  "name": "shadow",
  "version": "1.0.0",
  "lockfileVersion": 1,
  "requires": true,
  "dependencies": {
    "@heroku/socksv5": {
      "version": "0.0.9",
      "resolved": "https://registry.npmjs.org/@heroku/socksv5/-/socksv5-0.0.9.tgz",
      "integrity": "sha1-ejkFkhE2smZpeaD4a7TwYvZX95M=",
      "requires": {
        "ip-address": "^5.8.8"
      }
    },
    "asn1": {
      "version": "0.2.4",
      "resolved": "https://registry.npmjs.org/asn1/-/asn1-0.2.4.tgz",
      "integrity": "sha512-jxwzQpLQjSmWXgwaCZE9Nz+glAG01yF1QnWgbhGwHI5A6FRIEY6IVqtHhIepHqI7/kyEyQEagBC5mBEFlIYvdg==",
      "requires": {
        "safer-buffer": "~2.1.0"
      }
    },
    "bcrypt-pbkdf": {
      "version": "1.0.2",
      "resolved": "https://registry.npmjs.org/bcrypt-pbkdf/-/bcrypt-pbkdf-1.0.2.tgz",
      "integrity": "sha1-pDAdOJtqQ/m2f/PKEaP2Y342Dp4=",
      "requires": {
        "tweetnacl": "^0.14.3"
      }
    },
    "ip-address": {
      "version": "5.9.4",
      "resolved": "https://registry.npmjs.org/ip-address/-/ip-address-5.9.4.tgz",
      "integrity": "sha512-dHkI3/YNJq4b/qQaz+c8LuarD3pY24JqZWfjB8aZx1gtpc2MDILu9L9jpZe1sHpzo/yWFweQVn+U//FhazUxmw==",
      "requires": {
        "jsbn": "1.1.0",
        "lodash": "^4.17.15",
        "sprintf-js": "1.1.2"
      }
    },
    "jsbn": {
      "version": "1.1.0",
      "resolved": "https://registry.npmjs.org/jsbn/-/jsbn-1.1.0.tgz",
      "integrity": "sha1-sBMHyym2GKHtJux56RH4A8TaAEA="
    },
    "lodash": {
      "version": "4.17.20",
      "resolved": "https://registry.npmjs.org/lodash/-/lodash-4.17.20.tgz",
      "integrity": "sha512-PlhdFcillOINfeV7Ni6oF1TAEayyZBoZ8bcshTHqOYJYlrqzRK5hagpagky5o4HfCzzd1TRkXPMFq6cKk9rGmA=="
    },
    "safer-buffer": {
      "version": "2.1.2",
      "resolved": "https://registry.npmjs.org/safer-buffer/-/safer-buffer-2.1.2.tgz",
      "integrity": "sha512-YZo3K82SD7Riyi0E1EQPojLz7kpepnSQI9IyPbHHg1XXXevb5dJI7tpyN2ADxGcQbHG7vcyRHk0cbwqcQriUtg=="
    },
    "sprintf-js": {
      "version": "1.1.2",
      "resolved": "https://registry.npmjs.org/sprintf-js/-/sprintf-js-1.1.2.tgz",
      "integrity": "sha512-VE0SOVEHCk7Qc8ulkWw3ntAzXuqf7S2lvwQaDLRnUeIEaKNQJzV6BwmLKhOqT61aGhfUMrXeaBk+oDGCzvhcug=="
    },
    "ssh2": {
      "version": "0.8.9",
      "resolved": "https://registry.npmjs.org/ssh2/-/ssh2-0.8.9.tgz",
      "integrity": "sha512-GmoNPxWDMkVpMFa9LVVzQZHF6EW3WKmBwL+4/GeILf2hFmix5Isxm7Amamo8o7bHiU0tC+wXsGcUXOxp8ChPaw==",
      "requires": {
        "ssh2-streams": "~0.4.10"
      }
    },
    "ssh2-promise": {
      "version": "0.1.7",
      "resolved": "https://registry.npmjs.org/ssh2-promise/-/ssh2-promise-0.1.7.tgz",
      "integrity": "sha512-7iaFJQmTKekBzM/nbWZGaC472mqmgqSkz5qAlU8Hj4QIpTHgml/HCMKUX0mc7tOrqNlgwrginURoe+OG+PxnEg==",
      "requires": {
        "@heroku/socksv5": "^0.0.9",
        "ssh2": "^0.8.9"
      }
    },
    "ssh2-streams": {
      "version": "0.4.10",
      "resolved": "https://registry.npmjs.org/ssh2-streams/-/ssh2-streams-0.4.10.tgz",
      "integrity": "sha512-8pnlMjvnIZJvmTzUIIA5nT4jr2ZWNNVHwyXfMGdRJbug9TpI3kd99ffglgfSWqujVv/0gxwMsDn9j9RVst8yhQ==",
      "requires": {
        "asn1": "~0.2.0",
        "bcrypt-pbkdf": "^1.0.2",
        "streamsearch": "~0.1.2"
      }
    },
    "streamsearch": {
      "version": "0.1.2",
      "resolved": "https://registry.npmjs.org/streamsearch/-/streamsearch-0.1.2.tgz",
      "integrity": "sha1-gIudDlb8Jz2Am6VzOOkpkZoanxo="
    },
    "tweetnacl": {
      "version": "0.14.5",
      "resolved": "https://registry.npmjs.org/tweetnacl/-/tweetnacl-0.14.5.tgz",
      "integrity": "sha1-WuaBd/GS1EViadEIr6k/+HQ/T2Q="
    }
  }
}
